# THIS IS AN AUTOGENERATED FILE. DO NOT EDIT THIS FILE DIRECTLY.
# yarn lockfile v1


svelte@^3.50.1:
  version "3.50.1"
  resolved "https://registry.yarnpkg.com/svelte/-/svelte-3.50.1.tgz#b35fbc5e79ddd71e8bb27c3149ee6ff903841239"
  integrity sha512-bS4odcsdj5D5jEg6riZuMg5NKelzPtmsCbD9RG+8umU03TeNkdWnP6pqbCm0s8UQNBkqk29w/Bdubn3C+HWSwA==
